
Microsoft Visual Studio Solution File, Format Version 12.00
# Visual Studio Version 16
VisualStudioVersion = 16.0.31129.286
MinimumVisualStudioVersion = 10.0.40219.1
Project("{FAE04EC0-301F-11D3-BF4B-00C04F79EFBC}") = "KameraKayıt", "KameraKayıt\KameraKayıt.csproj", "{E3A68985-0150-45AE-8B9F-91CA350C5B1D}"
EndProject
Project("{FAE04EC0-301F-11D3-BF4B-00C04F79EFBC}") = "KameraKayitWpf", "KameraKayitWpf\KameraKayitWpf.csproj", "{9E171A21-C546-4854-8D5D-92BEEA954D1C}"
EndProject
Global
	GlobalSection(SolutionConfigurationPlatforms) = preSolution
		Debug|Any CPU = Debug|Any CPU
		Debug|x64 = Debug|x64
		Release|Any CPU = Release|Any CPU
		Release|x64 = Release|x64
	EndGlobalSection
	GlobalSection(ProjectConfigurationPlatforms) = postSolution
		{E3A68985-0150-45AE-8B9F-91CA350C5B1D}.Debug|Any CPU.ActiveCfg = Debug|Any CPU
		{E3A68985-0150-45AE-8B9F-91CA350C5B1D}.Debug|Any CPU.Build.0 = Debug|Any CPU
		{E3A68985-0150-45AE-8B9F-91CA350C5B1D}.Debug|x64.ActiveCfg = Debug|x64
		{E3A68985-0150-45AE-8B9F-91CA350C5B1D}.Debug|x64.Build.0 = Debug|x64
		{E3A68985-0150-45AE-8B9F-91CA350C5B1D}.Release|Any CPU.ActiveCfg = Release|Any CPU
		{E3A68985-0150-45AE-8B9F-91CA350C5B1D}.Release|Any CPU.Build.0 = Release|Any CPU
		{E3A68985-0150-45AE-8B9F-91CA350C5B1D}.Release|x64.ActiveCfg = Release|x64
		{E3A68985-0150-45AE-8B9F-91CA350C5B1D}.Release|x64.Build.0 = Release|x64
		{9E171A21-C546-4854-8D5D-92BEEA954D1C}.Debug|Any CPU.ActiveCfg = Debug|Any CPU
		{9E171A21-C546-4854-8D5D-92BEEA954D1C}.Debug|Any CPU.Build.0 = Debug|Any CPU
		{9E171A21-C546-4854-8D5D-92BEEA954D1C}.Debug|x64.ActiveCfg = Debug|Any CPU
		{9E171A21-C546-4854-8D5D-92BEEA954D1C}.Debug|x64.Build.0 = Debug|Any CPU
		{9E171A21-C546-4854-8D5D-92BEEA954D1C}.Release|Any CPU.ActiveCfg = Release|Any CPU
		{9E171A21-C546-4854-8D5D-92BEEA954D1C}.Release|Any CPU.Build.0 = Release|Any CPU
		{9E171A21-C546-4854-8D5D-92BEEA954D1C}.Release|x64.ActiveCfg = Release|Any CPU
		{9E171A21-C546-4854-8D5D-92BEEA954D1C}.Release|x64.Build.0 = Release|Any CPU
	EndGlobalSection
	GlobalSection(SolutionProperties) = preSolution
		HideSolutionNode = FALSE
	EndGlobalSection
	GlobalSection(ExtensibilityGlobals) = postSolution
		SolutionGuid = {5EC388E7-93B3-436F-9725-6D46923537F6}
	EndGlobalSection
EndGlobal
